
Microsoft Visual Studio Solution File, Format Version 12.00
# Visual Studio Version 17
VisualStudioVersion = 17.4.33403.182
MinimumVisualStudioVersion = 10.0.40219.1
Project("{FAE04EC0-301F-11D3-BF4B-00C04F79EFBC}") = "SpendingTracker", "SpendingTracker\SpendingTracker.csproj", "{DC14D2F5-E7E6-42D6-A44A-437E7E550DD7}"
EndProject
Global
	GlobalSection(SolutionConfigurationPlatforms) = preSolution
		Debug|Any CPU = Debug|Any CPU
		Release|Any CPU = Release|Any CPU
	EndGlobalSection
	GlobalSection(ProjectConfigurationPlatforms) = postSolution
		{DC14D2F5-E7E6-42D6-A44A-437E7E550DD7}.Debug|Any CPU.ActiveCfg = Debug|Any CPU
		{DC14D2F5-E7E6-42D6-A44A-437E7E550DD7}.Debug|Any CPU.Build.0 = Debug|Any CPU
		{DC14D2F5-E7E6-42D6-A44A-437E7E550DD7}.Release|Any CPU.ActiveCfg = Release|Any CPU
		{DC14D2F5-E7E6-42D6-A44A-437E7E550DD7}.Release|Any CPU.Build.0 = Release|Any CPU
	EndGlobalSection
	GlobalSection(SolutionProperties) = preSolution
		HideSolutionNode = FALSE
	EndGlobalSection
	GlobalSection(ExtensibilityGlobals) = postSolution
		SolutionGuid = {44E0675E-EE0F-4151-A02D-43B5D3BEE8E0}
	EndGlobalSection
EndGlobal
